// !$*UTF8*$!
{
	archiveVersion = 1;
	classes = {
	};
	objectVersion = 77;
	objects = {

/* Begin PBXBuildFile section */
		04C9F6079D7AF4EFFE05E213 /* SmaTassarApp.swift in Sources */ = {isa = PBXBuildFile; fileRef = 2D004D23C002D2A67C37D4AC /* SmaTassarApp.swift */; };
		0DF5A29E76A5C4548DB2E516 /* AddLitterView.swift in Sources */ = {isa = PBXBuildFile; fileRef = BAFFA0BCDDC98CA214027841 /* AddLitterView.swift */; };
		14693B5A50627742949DC4A3 /* Litter.swift in Sources */ = {isa = PBXBuildFile; fileRef = DD6B98E9D5A8A0C0A78BB760 /* Litter.swift */; };
		14B598924C526E00A90071AC /* Puppy.swift in Sources */ = {isa = PBXBuildFile; fileRef = F28454777FD4AC8AD69D4C0F /* Puppy.swift */; };
		47F814E41E5A2BC2EDAF41E7 /* ColorExtension.swift in Sources */ = {isa = PBXBuildFile; fileRef = 2602FCB849709F1EF740A35F /* ColorExtension.swift */; };
		6001F45A0401760DCCCE9042 /* AddWeightEntryView.swift in Sources */ = {isa = PBXBuildFile; fileRef = F379CF51771EB60C278BA6BB /* AddWeightEntryView.swift */; };
		79DE058FFDEBEEFD67DF90A6 /* LittersListView.swift in Sources */ = {isa = PBXBuildFile; fileRef = D4B101D0A45BD872596909FB /* LittersListView.swift */; };
		7B9F1CD9BDF18756E2A6E4E4 /* WeightEntry.swift in Sources */ = {isa = PBXBuildFile; fileRef = 01E55D05CDCA98C97037B4B6 /* WeightEntry.swift */; };
		94847A682A374700C788D6EE /* PuppyDetailView.swift in Sources */ = {isa = PBXBuildFile; fileRef = 944C6EF9AD937253C168684A /* PuppyDetailView.swift */; };
		9829B1D212F83A5C0340F0FA /* AddPuppyView.swift in Sources */ = {isa = PBXBuildFile; fileRef = ABA9CF003E1E9C067B6C88DA /* AddPuppyView.swift */; };
		ACA1331582D070D9D446E5F1 /* LitterDetailView.swift in Sources */ = {isa = PBXBuildFile; fileRef = 38C23ACA44511357090A84B1 /* LitterDetailView.swift */; };
		B97C922D5D2D002CEC84801A /* LitterChartsView.swift in Sources */ = {isa = PBXBuildFile; fileRef = E4279AAEA290F24251306C54 /* LitterChartsView.swift */; };
/* End PBXBuildFile section */

/* Begin PBXFileReference section */
		01E55D05CDCA98C97037B4B6 /* WeightEntry.swift */ = {isa = PBXFileReference; lastKnownFileType = sourcecode.swift; path = WeightEntry.swift; sourceTree = "<group>"; };
		0F2FD2D7F11BF1730CF10E79 /* Info.plist */ = {isa = PBXFileReference; lastKnownFileType = text.plist; path = Info.plist; sourceTree = "<group>"; };
		2602FCB849709F1EF740A35F /* ColorExtension.swift */ = {isa = PBXFileReference; lastKnownFileType = sourcecode.swift; path = ColorExtension.swift; sourceTree = "<group>"; };
		2D004D23C002D2A67C37D4AC /* SmaTassarApp.swift */ = {isa = PBXFileReference; lastKnownFileType = sourcecode.swift; path = SmaTassarApp.swift; sourceTree = "<group>"; };
		38C23ACA44511357090A84B1 /* LitterDetailView.swift */ = {isa = PBXFileReference; lastKnownFileType = sourcecode.swift; path = LitterDetailView.swift; sourceTree = "<group>"; };
		3A581E910156435DD3F0F47A /* SmaTassar.app */ = {isa = PBXFileReference; includeInIndex = 0; lastKnownFileType = wrapper.application; path = SmaTassar.app; sourceTree = BUILT_PRODUCTS_DIR; };
		944C6EF9AD937253C168684A /* PuppyDetailView.swift */ = {isa = PBXFileReference; lastKnownFileType = sourcecode.swift; path = PuppyDetailView.swift; sourceTree = "<group>"; };
		ABA9CF003E1E9C067B6C88DA /* AddPuppyView.swift */ = {isa = PBXFileReference; lastKnownFileType = sourcecode.swift; path = AddPuppyView.swift; sourceTree = "<group>"; };
		BAFFA0BCDDC98CA214027841 /* AddLitterView.swift */ = {isa = PBXFileReference; lastKnownFileType = sourcecode.swift; path = AddLitterView.swift; sourceTree = "<group>"; };
		D4B101D0A45BD872596909FB /* LittersListView.swift */ = {isa = PBXFileReference; lastKnownFileType = sourcecode.swift; path = LittersListView.swift; sourceTree = "<group>"; };
		DD6B98E9D5A8A0C0A78BB760 /* Litter.swift */ = {isa = PBXFileReference; lastKnownFileType = sourcecode.swift; path = Litter.swift; sourceTree = "<group>"; };
		E4279AAEA290F24251306C54 /* LitterChartsView.swift */ = {isa = PBXFileReference; lastKnownFileType = sourcecode.swift; path = LitterChartsView.swift; sourceTree = "<group>"; };
		F28454777FD4AC8AD69D4C0F /* Puppy.swift */ = {isa = PBXFileReference; lastKnownFileType = sourcecode.swift; path = Puppy.swift; sourceTree = "<group>"; };
		F379CF51771EB60C278BA6BB /* AddWeightEntryView.swift */ = {isa = PBXFileReference; lastKnownFileType = sourcecode.swift; path = AddWeightEntryView.swift; sourceTree = "<group>"; };
/* End PBXFileReference section */

/* Begin PBXGroup section */
		01BC4F52D637EABBCBCC58BB /* SmaTassar */ = {
			isa = PBXGroup;
			children = (
				0F2FD2D7F11BF1730CF10E79 /* Info.plist */,
				2D004D23C002D2A67C37D4AC /* SmaTassarApp.swift */,
				4E0058055ACC06E5BC271917 /* Models */,
				8DCCF492A38ED13960C36B10 /* Views */,
			);
			path = SmaTassar;
			sourceTree = "<group>";
		};
		4E0058055ACC06E5BC271917 /* Models */ = {
			isa = PBXGroup;
			children = (
				DD6B98E9D5A8A0C0A78BB760 /* Litter.swift */,
				F28454777FD4AC8AD69D4C0F /* Puppy.swift */,
				01E55D05CDCA98C97037B4B6 /* WeightEntry.swift */,
			);
			path = Models;
			sourceTree = "<group>";
		};
		5B029F0BD990BC8F8CCD7F42 = {
			isa = PBXGroup;
			children = (
				01BC4F52D637EABBCBCC58BB /* SmaTassar */,
				F529BFD2D0AE2B356497137C /* Products */,
			);
			sourceTree = "<group>";
		};
		8DCCF492A38ED13960C36B10 /* Views */ = {
			isa = PBXGroup;
			children = (
				BAFFA0BCDDC98CA214027841 /* AddLitterView.swift */,
				ABA9CF003E1E9C067B6C88DA /* AddPuppyView.swift */,
				F379CF51771EB60C278BA6BB /* AddWeightEntryView.swift */,
				2602FCB849709F1EF740A35F /* ColorExtension.swift */,
				E4279AAEA290F24251306C54 /* LitterChartsView.swift */,
				38C23ACA44511357090A84B1 /* LitterDetailView.swift */,
				D4B101D0A45BD872596909FB /* LittersListView.swift */,
				944C6EF9AD937253C168684A /* PuppyDetailView.swift */,
			);
			path = Views;
			sourceTree = "<group>";
		};
		F529BFD2D0AE2B356497137C /* Products */ = {
			isa = PBXGroup;
			children = (
				3A581E910156435DD3F0F47A /* SmaTassar.app */,
			);
			name = Products;
			sourceTree = "<group>";
		};
/* End PBXGroup section */

/* Begin PBXNativeTarget section */
		E333550BBB6F422E39127D21 /* SmaTassar */ = {
			isa = PBXNativeTarget;
			buildConfigurationList = 7BCB8F04664CC6752406D773 /* Build configuration list for PBXNativeTarget "SmaTassar" */;
			buildPhases = (
				AB1DFA1EB547366E3B4DBCC0 /* Sources */,
			);
			buildRules = (
			);
			dependencies = (
			);
			name = SmaTassar;
			packageProductDependencies = (
			);
			productName = SmaTassar;
			productReference = 3A581E910156435DD3F0F47A /* SmaTassar.app */;
			productType = "com.apple.product-type.application";
		};
/* End PBXNativeTarget section */

/* Begin PBXProject section */
		A79F3A9121BB6EF62A160EFE /* Project object */ = {
			isa = PBXProject;
			attributes = {
				BuildIndependentTargetsInParallel = YES;
				LastUpgradeCheck = 1430;
				TargetAttributes = {
					E333550BBB6F422E39127D21 = {
						DevelopmentTeam = "";
					};
				};
			};
			buildConfigurationList = CCC7792A27D31EFEF0D44D50 /* Build configuration list for PBXProject "SmaTassar" */;
			developmentRegion = en;
			hasScannedForEncodings = 0;
			knownRegions = (
				Base,
				en,
			);
			mainGroup = 5B029F0BD990BC8F8CCD7F42;
			minimizedProjectReferenceProxies = 1;
			preferredProjectObjectVersion = 77;
			productRefGroup = F529BFD2D0AE2B356497137C /* Products */;
			projectDirPath = "";
			projectRoot = "";
			targets = (
				E333550BBB6F422E39127D21 /* SmaTassar */,
			);
		};
/* End PBXProject section */

/* Begin PBXSourcesBuildPhase section */
		AB1DFA1EB547366E3B4DBCC0 /* Sources */ = {
			isa = PBXSourcesBuildPhase;
			buildActionMask = 2147483647;
			files = (
				0DF5A29E76A5C4548DB2E516 /* AddLitterView.swift in Sources */,
				9829B1D212F83A5C0340F0FA /* AddPuppyView.swift in Sources */,
				6001F45A0401760DCCCE9042 /* AddWeightEntryView.swift in Sources */,
				47F814E41E5A2BC2EDAF41E7 /* ColorExtension.swift in Sources */,
				14693B5A50627742949DC4A3 /* Litter.swift in Sources */,
				B97C922D5D2D002CEC84801A /* LitterChartsView.swift in Sources */,
				ACA1331582D070D9D446E5F1 /* LitterDetailView.swift in Sources */,
				79DE058FFDEBEEFD67DF90A6 /* LittersListView.swift in Sources */,
				14B598924C526E00A90071AC /* Puppy.swift in Sources */,
				94847A682A374700C788D6EE /* PuppyDetailView.swift in Sources */,
				04C9F6079D7AF4EFFE05E213 /* SmaTassarApp.swift in Sources */,
				7B9F1CD9BDF18756E2A6E4E4 /* WeightEntry.swift in Sources */,
			);
			runOnlyForDeploymentPostprocessing = 0;
		};
/* End PBXSourcesBuildPhase section */

/* Begin XCBuildConfiguration section */
		5EECDA01C646D671DAA6B10D /* Debug */ = {
			isa = XCBuildConfiguration;
			buildSettings = {
				ASSETCATALOG_COMPILER_APPICON_NAME = AppIcon;
				CODE_SIGN_IDENTITY = "iPhone Developer";
				DEVELOPMENT_TEAM = "";
				INFOPLIST_FILE = SmaTassar/Info.plist;
				LD_RUNPATH_SEARCH_PATHS = (
					"$(inherited)",
					"@executable_path/Frameworks",
				);
				PRODUCT_BUNDLE_IDENTIFIER = com.iamBadox.SmaTassar;
				SDKROOT = iphoneos;
				SWIFT_VERSION = 5.9;
				TARGETED_DEVICE_FAMILY = "1,2";
			};
			name = Debug;
		};
		667B7093D88152746D9495F4 /* Debug */ = {
			isa = XCBuildConfiguration;
			buildSettings = {
				ALWAYS_SEARCH_USER_PATHS = NO;
				CLANG_ANALYZER_NONNULL = YES;
				CLANG_ANALYZER_NUMBER_OBJECT_CONVERSION = YES_AGGRESSIVE;
				CLANG_CXX_LANGUAGE_STANDARD = "gnu++14";
				CLANG_CXX_LIBRARY = "libc++";
				CLANG_ENABLE_MODULES = YES;
				CLANG_ENABLE_OBJC_ARC = YES;
				CLANG_ENABLE_OBJC_WEAK = YES;
				CLANG_WARN_BLOCK_CAPTURE_AUTORELEASING = YES;
				CLANG_WARN_BOOL_CONVERSION = YES;
				CLANG_WARN_COMMA = YES;
				CLANG_WARN_CONSTANT_CONVERSION = YES;
				CLANG_WARN_DEPRECATED_OBJC_IMPLEMENTATIONS = YES;
				CLANG_WARN_DIRECT_OBJC_ISA_USAGE = YES_ERROR;
				CLANG_WARN_DOCUMENTATION_COMMENTS = YES;
				CLANG_WARN_EMPTY_BODY = YES;
				CLANG_WARN_ENUM_CONVERSION = YES;
				CLANG_WARN_INFINITE_RECURSION = YES;
				CLANG_WARN_INT_CONVERSION = YES;
				CLANG_WARN_NON_LITERAL_NULL_CONVERSION = YES;
				CLANG_WARN_OBJC_IMPLICIT_RETAIN_SELF = YES;
				CLANG_WARN_OBJC_LITERAL_CONVERSION = YES;
				CLANG_WARN_OBJC_ROOT_CLASS = YES_ERROR;
				CLANG_WARN_QUOTED_INCLUDE_IN_FRAMEWORK_HEADER = YES;
				CLANG_WARN_RANGE_LOOP_ANALYSIS = YES;
				CLANG_WARN_STRICT_PROTOTYPES = YES;
				CLANG_WARN_SUSPICIOUS_MOVE = YES;
				CLANG_WARN_UNGUARDED_AVAILABILITY = YES_AGGRESSIVE;
				CLANG_WARN_UNREACHABLE_CODE = YES;
				CLANG_WARN__DUPLICATE_METHOD_MATCH = YES;
				COPY_PHASE_STRIP = NO;
				DEBUG_INFORMATION_FORMAT = dwarf;
				ENABLE_STRICT_OBJC_MSGSEND = YES;
				ENABLE_TESTABILITY = YES;
				GCC_C_LANGUAGE_STANDARD = gnu11;
				GCC_DYNAMIC_NO_PIC = NO;
				GCC_NO_COMMON_BLOCKS = YES;
				GCC_OPTIMIZATION_LEVEL = 0;
				GCC_PREPROCESSOR_DEFINITIONS = (
					"$(inherited)",
					"DEBUG=1",
				);
				GCC_WARN_64_TO_32_BIT_CONVERSION = YES;
				GCC_WARN_ABOUT_RETURN_TYPE = YES_ERROR;
				GCC_WARN_UNDECLARED_SELECTOR = YES;
				GCC_WARN_UNINITIALIZED_AUTOS = YES_AGGRESSIVE;
				GCC_WARN_UNUSED_FUNCTION = YES;
				GCC_WARN_UNUSED_VARIABLE = YES;
				IPHONEOS_DEPLOYMENT_TARGET = 17.0;
				MTL_ENABLE_DEBUG_INFO = INCLUDE_SOURCE;
				MTL_FAST_MATH = YES;
				ONLY_ACTIVE_ARCH = YES;
				PRODUCT_NAME = "$(TARGET_NAME)";
				SDKROOT = iphoneos;
				SWIFT_ACTIVE_COMPILATION_CONDITIONS = DEBUG;
				SWIFT_OPTIMIZATION_LEVEL = "-Onone";
				SWIFT_VERSION = 5.0;
			};
			name = Debug;
		};
		7AA852CB9A87EB3B8FBAD227 /* Release */ = {
			isa = XCBuildConfiguration;
			buildSettings = {
				ASSETCATALOG_COMPILER_APPICON_NAME = AppIcon;
				CODE_SIGN_IDENTITY = "iPhone Developer";
				DEVELOPMENT_TEAM = "";
				INFOPLIST_FILE = SmaTassar/Info.plist;
				LD_RUNPATH_SEARCH_PATHS = (
					"$(inherited)",
					"@executable_path/Frameworks",
				);
				PRODUCT_BUNDLE_IDENTIFIER = com.iamBadox.SmaTassar;
				SDKROOT = iphoneos;
				SWIFT_VERSION = 5.9;
				TARGETED_DEVICE_FAMILY = "1,2";
			};
			name = Release;
		};
		DE4568B67D42336168956836 /* Release */ = {
			isa = XCBuildConfiguration;
			buildSettings = {
				ALWAYS_SEARCH_USER_PATHS = NO;
				CLANG_ANALYZER_NONNULL = YES;
				CLANG_ANALYZER_NUMBER_OBJECT_CONVERSION = YES_AGGRESSIVE;
				CLANG_CXX_LANGUAGE_STANDARD = "gnu++14";
				CLANG_CXX_LIBRARY = "libc++";
				CLANG_ENABLE_MODULES = YES;
				CLANG_ENABLE_OBJC_ARC = YES;
				CLANG_ENABLE_OBJC_WEAK = YES;
				CLANG_WARN_BLOCK_CAPTURE_AUTORELEASING = YES;
				CLANG_WARN_BOOL_CONVERSION = YES;
				CLANG_WARN_COMMA = YES;
				CLANG_WARN_CONSTANT_CONVERSION = YES;
				CLANG_WARN_DEPRECATED_OBJC_IMPLEMENTATIONS = YES;
				CLANG_WARN_DIRECT_OBJC_ISA_USAGE = YES_ERROR;
				CLANG_WARN_DOCUMENTATION_COMMENTS = YES;
				CLANG_WARN_EMPTY_BODY = YES;
				CLANG_WARN_ENUM_CONVERSION = YES;
				CLANG_WARN_INFINITE_RECURSION = YES;
				CLANG_WARN_INT_CONVERSION = YES;
				CLANG_WARN_NON_LITERAL_NULL_CONVERSION = YES;
				CLANG_WARN_OBJC_IMPLICIT_RETAIN_SELF = YES;
				CLANG_WARN_OBJC_LITERAL_CONVERSION = YES;
				CLANG_WARN_OBJC_ROOT_CLASS = YES_ERROR;
				CLANG_WARN_QUOTED_INCLUDE_IN_FRAMEWORK_HEADER = YES;
				CLANG_WARN_RANGE_LOOP_ANALYSIS = YES;
				CLANG_WARN_STRICT_PROTOTYPES = YES;
				CLANG_WARN_SUSPICIOUS_MOVE = YES;
				CLANG_WARN_UNGUARDED_AVAILABILITY = YES_AGGRESSIVE;
				CLANG_WARN_UNREACHABLE_CODE = YES;
				CLANG_WARN__DUPLICATE_METHOD_MATCH = YES;
				COPY_PHASE_STRIP = NO;
				DEBUG_INFORMATION_FORMAT = "dwarf-with-dsym";
				ENABLE_NS_ASSERTIONS = NO;
				ENABLE_STRICT_OBJC_MSGSEND = YES;
				GCC_C_LANGUAGE_STANDARD = gnu11;
				GCC_NO_COMMON_BLOCKS = YES;
				GCC_WARN_64_TO_32_BIT_CONVERSION = YES;
				GCC_WARN_ABOUT_RETURN_TYPE = YES_ERROR;
				GCC_WARN_UNDECLARED_SELECTOR = YES;
				GCC_WARN_UNINITIALIZED_AUTOS = YES_AGGRESSIVE;
				GCC_WARN_UNUSED_FUNCTION = YES;
				GCC_WARN_UNUSED_VARIABLE = YES;
				IPHONEOS_DEPLOYMENT_TARGET = 17.0;
				MTL_ENABLE_DEBUG_INFO = NO;
				MTL_FAST_MATH = YES;
				PRODUCT_NAME = "$(TARGET_NAME)";
				SDKROOT = iphoneos;
				SWIFT_COMPILATION_MODE = wholemodule;
				SWIFT_OPTIMIZATION_LEVEL = "-O";
				SWIFT_VERSION = 5.0;
			};
			name = Release;
		};
/* End XCBuildConfiguration section */

/* Begin XCConfigurationList section */
		7BCB8F04664CC6752406D773 /* Build configuration list for PBXNativeTarget "SmaTassar" */ = {
			isa = XCConfigurationList;
			buildConfigurations = (
				5EECDA01C646D671DAA6B10D /* Debug */,
				7AA852CB9A87EB3B8FBAD227 /* Release */,
			);
			defaultConfigurationIsVisible = 0;
			defaultConfigurationName = Debug;
		};
		CCC7792A27D31EFEF0D44D50 /* Build configuration list for PBXProject "SmaTassar" */ = {
			isa = XCConfigurationList;
			buildConfigurations = (
				667B7093D88152746D9495F4 /* Debug */,
				DE4568B67D42336168956836 /* Release */,
			);
			defaultConfigurationIsVisible = 0;
			defaultConfigurationName = Debug;
		};
/* End XCConfigurationList section */
	};
	rootObject = A79F3A9121BB6EF62A160EFE /* Project object */;
}
